
Microsoft Visual Studio Solution File, Format Version 10.00
# Visual Studio 2008
Project("{F184B08F-C81C-45F6-A57F-5ABD9991F28F}") = "HelloWorld", "HelloWorld\HelloWorld.VS2008.vbproj", "{101606A0-72E2-48FA-BB57-EFDCA74BEF32}"
EndProject
Global
	GlobalSection(SolutionConfigurationPlatforms) = preSolution
		Debug|Any CPU = Debug|Any CPU
		Release|Any CPU = Release|Any CPU
	EndGlobalSection
	GlobalSection(ProjectConfigurationPlatforms) = postSolution
		{101606A0-72E2-48FA-BB57-EFDCA74BEF32}.Debug|Any CPU.ActiveCfg = Debug|Any CPU
		{101606A0-72E2-48FA-BB57-EFDCA74BEF32}.Debug|Any CPU.Build.0 = Debug|Any CPU
		{101606A0-72E2-48FA-BB57-EFDCA74BEF32}.Release|Any CPU.ActiveCfg = Release|Any CPU
		{101606A0-72E2-48FA-BB57-EFDCA74BEF32}.Release|Any CPU.Build.0 = Release|Any CPU
	EndGlobalSection
	GlobalSection(SolutionProperties) = preSolution
		HideSolutionNode = FALSE
	EndGlobalSection
EndGlobal
